
Microsoft Visual Studio Solution File, Format Version 12.00
# Visual Studio Version 16
VisualStudioVersion = 16.0.33529.622
MinimumVisualStudioVersion = 10.0.40219.1
Project("{FAE04EC0-301F-11D3-BF4B-00C04F79EFBC}") = "Prueba Git", "Prueba Git\Prueba Git.csproj", "{C0E74FC0-234D-43F6-B5C8-9523C3189CB5}"
EndProject
Global
	GlobalSection(SolutionConfigurationPlatforms) = preSolution
		Debug|Any CPU = Debug|Any CPU
		Release|Any CPU = Release|Any CPU
	EndGlobalSection
	GlobalSection(ProjectConfigurationPlatforms) = postSolution
		{C0E74FC0-234D-43F6-B5C8-9523C3189CB5}.Debug|Any CPU.ActiveCfg = Debug|Any CPU
		{C0E74FC0-234D-43F6-B5C8-9523C3189CB5}.Debug|Any CPU.Build.0 = Debug|Any CPU
		{C0E74FC0-234D-43F6-B5C8-9523C3189CB5}.Release|Any CPU.ActiveCfg = Release|Any CPU
		{C0E74FC0-234D-43F6-B5C8-9523C3189CB5}.Release|Any CPU.Build.0 = Release|Any CPU
	EndGlobalSection
	GlobalSection(SolutionProperties) = preSolution
		HideSolutionNode = FALSE
	EndGlobalSection
	GlobalSection(ExtensibilityGlobals) = postSolution
		SolutionGuid = {230DE0EC-7878-458B-9642-475A8DD1AB2C}
	EndGlobalSection
EndGlobal
